
Microsoft Visual Studio Solution File, Format Version 12.00
# Visual Studio Version 16
VisualStudioVersion = 16.0.31313.79
MinimumVisualStudioVersion = 10.0.40219.1
Project("{FAE04EC0-301F-11D3-BF4B-00C04F79EFBC}") = "GoodFood", "GoodFood\GoodFood.csproj", "{1A7AC868-789C-452E-AABB-D1DBC72CE0A0}"
EndProject
Global
	GlobalSection(SolutionConfigurationPlatforms) = preSolution
		Debug|Any CPU = Debug|Any CPU
		Release|Any CPU = Release|Any CPU
	EndGlobalSection
	GlobalSection(ProjectConfigurationPlatforms) = postSolution
		{1A7AC868-789C-452E-AABB-D1DBC72CE0A0}.Debug|Any CPU.ActiveCfg = Debug|Any CPU
		{1A7AC868-789C-452E-AABB-D1DBC72CE0A0}.Debug|Any CPU.Build.0 = Debug|Any CPU
		{1A7AC868-789C-452E-AABB-D1DBC72CE0A0}.Release|Any CPU.ActiveCfg = Release|Any CPU
		{1A7AC868-789C-452E-AABB-D1DBC72CE0A0}.Release|Any CPU.Build.0 = Release|Any CPU
	EndGlobalSection
	GlobalSection(SolutionProperties) = preSolution
		HideSolutionNode = FALSE
	EndGlobalSection
	GlobalSection(ExtensibilityGlobals) = postSolution
		SolutionGuid = {BDFA8A14-583D-4F36-9213-35D4D0D12831}
	EndGlobalSection
EndGlobal
